// !$*UTF8*$!
{
	archiveVersion = 1;
	classes = {
	};
	objectVersion = 46;
	objects = {

/* Begin PBXBuildFile section */
		416D2D671E5F113600D8A570 /* HFCardCollectionViewLayout.h in Headers */ = {isa = PBXBuildFile; fileRef = 416D2D651E5F113600D8A570 /* HFCardCollectionViewLayout.h */; settings = {ATTRIBUTES = (Public, ); }; };
		416D2D711E5F117500D8A570 /* HFCardCollectionViewCell.swift in Sources */ = {isa = PBXBuildFile; fileRef = 416D2D6D1E5F117500D8A570 /* HFCardCollectionViewCell.swift */; };
		416D2D721E5F117500D8A570 /* HFCardCollectionViewLayout.swift in Sources */ = {isa = PBXBuildFile; fileRef = 416D2D6E1E5F117500D8A570 /* HFCardCollectionViewLayout.swift */; };
		416D2D731E5F117500D8A570 /* HFCardCollectionViewLayoutDelegate.swift in Sources */ = {isa = PBXBuildFile; fileRef = 416D2D6F1E5F117500D8A570 /* HFCardCollectionViewLayoutDelegate.swift */; };
		56E222B222FE1C8C002D7B97 /* HFCardCollectionViewLayoutModel.swift in Sources */ = {isa = PBXBuildFile; fileRef = 56E222B122FE1C8C002D7B97 /* HFCardCollectionViewLayoutModel.swift */; };
		56E222C222FE2FA4002D7B97 /* HFCardCollectionViewLayoutAttributes.swift in Sources */ = {isa = PBXBuildFile; fileRef = 56E222C122FE2FA4002D7B97 /* HFCardCollectionViewLayoutAttributes.swift */; };
		5BD2E5FDCB2A7EAEC2CED915 /* Pods_HFCardCollectionViewLayout.framework in Frameworks */ = {isa = PBXBuildFile; fileRef = 5BC23847657BE130910BFE14 /* Pods_HFCardCollectionViewLayout.framework */; };
/* End PBXBuildFile section */

/* Begin PBXFileReference section */
		31381DB4816E87430C9926F2 /* Pods-HFCardCollectionViewLayout.release.xcconfig */ = {isa = PBXFileReference; includeInIndex = 1; lastKnownFileType = text.xcconfig; name = "Pods-HFCardCollectionViewLayout.release.xcconfig"; path = "Target Support Files/Pods-HFCardCollectionViewLayout/Pods-HFCardCollectionViewLayout.release.xcconfig"; sourceTree = "<group>"; };
		416D2D621E5F113600D8A570 /* HFCardCollectionViewLayout.framework */ = {isa = PBXFileReference; explicitFileType = wrapper.framework; includeInIndex = 0; path = HFCardCollectionViewLayout.framework; sourceTree = BUILT_PRODUCTS_DIR; };
		416D2D651E5F113600D8A570 /* HFCardCollectionViewLayout.h */ = {isa = PBXFileReference; lastKnownFileType = sourcecode.c.h; path = HFCardCollectionViewLayout.h; sourceTree = "<group>"; };
		416D2D661E5F113600D8A570 /* Info.plist */ = {isa = PBXFileReference; lastKnownFileType = text.plist.xml; path = Info.plist; sourceTree = "<group>"; };
		416D2D6D1E5F117500D8A570 /* HFCardCollectionViewCell.swift */ = {isa = PBXFileReference; fileEncoding = 4; lastKnownFileType = sourcecode.swift; name = HFCardCollectionViewCell.swift; path = Source/HFCardCollectionViewCell.swift; sourceTree = SOURCE_ROOT; };
		416D2D6E1E5F117500D8A570 /* HFCardCollectionViewLayout.swift */ = {isa = PBXFileReference; fileEncoding = 4; lastKnownFileType = sourcecode.swift; name = HFCardCollectionViewLayout.swift; path = Source/HFCardCollectionViewLayout.swift; sourceTree = SOURCE_ROOT; };
		416D2D6F1E5F117500D8A570 /* HFCardCollectionViewLayoutDelegate.swift */ = {isa = PBXFileReference; fileEncoding = 4; lastKnownFileType = sourcecode.swift; name = HFCardCollectionViewLayoutDelegate.swift; path = Source/HFCardCollectionViewLayoutDelegate.swift; sourceTree = SOURCE_ROOT; };
		56E222B122FE1C8C002D7B97 /* HFCardCollectionViewLayoutModel.swift */ = {isa = PBXFileReference; lastKnownFileType = sourcecode.swift; name = HFCardCollectionViewLayoutModel.swift; path = Source/HFCardCollectionViewLayoutModel.swift; sourceTree = SOURCE_ROOT; };
		56E222C122FE2FA4002D7B97 /* HFCardCollectionViewLayoutAttributes.swift */ = {isa = PBXFileReference; fileEncoding = 4; lastKnownFileType = sourcecode.swift; name = HFCardCollectionViewLayoutAttributes.swift; path = Source/HFCardCollectionViewLayoutAttributes.swift; sourceTree = SOURCE_ROOT; };
		5BC23847657BE130910BFE14 /* Pods_HFCardCollectionViewLayout.framework */ = {isa = PBXFileReference; explicitFileType = wrapper.framework; includeInIndex = 0; path = Pods_HFCardCollectionViewLayout.framework; sourceTree = BUILT_PRODUCTS_DIR; };
		98684D70501442E03732ECB7 /* Pods-HFCardCollectionViewLayout.debug.xcconfig */ = {isa = PBXFileReference; includeInIndex = 1; lastKnownFileType = text.xcconfig; name = "Pods-HFCardCollectionViewLayout.debug.xcconfig"; path = "Target Support Files/Pods-HFCardCollectionViewLayout/Pods-HFCardCollectionViewLayout.debug.xcconfig"; sourceTree = "<group>"; };
/* End PBXFileReference section */

/* Begin PBXFrameworksBuildPhase section */
		416D2D5E1E5F113600D8A570 /* Frameworks */ = {
			isa = PBXFrameworksBuildPhase;
			buildActionMask = 2147483647;
			files = (
				5BD2E5FDCB2A7EAEC2CED915 /* Pods_HFCardCollectionViewLayout.framework in Frameworks */,
			);
			runOnlyForDeploymentPostprocessing = 0;
		};
/* End PBXFrameworksBuildPhase section */

/* Begin PBXGroup section */
		416D2D581E5F113600D8A570 = {
			isa = PBXGroup;
			children = (
				416D2D641E5F113600D8A570 /* HFCardCollectionViewLayout */,
				416D2D631E5F113600D8A570 /* Products */,
				965B297F21217A1305704448 /* Pods */,
				F6309A6F0C757780044B8C06 /* Frameworks */,
			);
			sourceTree = "<group>";
		};
		416D2D631E5F113600D8A570 /* Products */ = {
			isa = PBXGroup;
			children = (
				416D2D621E5F113600D8A570 /* HFCardCollectionViewLayout.framework */,
			);
			name = Products;
			sourceTree = "<group>";
		};
		416D2D641E5F113600D8A570 /* HFCardCollectionViewLayout */ = {
			isa = PBXGroup;
			children = (
				416D2D6D1E5F117500D8A570 /* HFCardCollectionViewCell.swift */,
				416D2D6E1E5F117500D8A570 /* HFCardCollectionViewLayout.swift */,
				416D2D6F1E5F117500D8A570 /* HFCardCollectionViewLayoutDelegate.swift */,
				56E222C122FE2FA4002D7B97 /* HFCardCollectionViewLayoutAttributes.swift */,
				416D2D651E5F113600D8A570 /* HFCardCollectionViewLayout.h */,
				416D2D661E5F113600D8A570 /* Info.plist */,
				56E222B122FE1C8C002D7B97 /* HFCardCollectionViewLayoutModel.swift */,
			);
			path = HFCardCollectionViewLayout;
			sourceTree = "<group>";
		};
		965B297F21217A1305704448 /* Pods */ = {
			isa = PBXGroup;
			children = (
				98684D70501442E03732ECB7 /* Pods-HFCardCollectionViewLayout.debug.xcconfig */,
				31381DB4816E87430C9926F2 /* Pods-HFCardCollectionViewLayout.release.xcconfig */,
			);
			path = Pods;
			sourceTree = "<group>";
		};
		F6309A6F0C757780044B8C06 /* Frameworks */ = {
			isa = PBXGroup;
			children = (
				5BC23847657BE130910BFE14 /* Pods_HFCardCollectionViewLayout.framework */,
			);
			name = Frameworks;
			sourceTree = "<group>";
		};
/* End PBXGroup section */

/* Begin PBXHeadersBuildPhase section */
		416D2D5F1E5F113600D8A570 /* Headers */ = {
			isa = PBXHeadersBuildPhase;
			buildActionMask = 2147483647;
			files = (
				416D2D671E5F113600D8A570 /* HFCardCollectionViewLayout.h in Headers */,
			);
			runOnlyForDeploymentPostprocessing = 0;
		};
/* End PBXHeadersBuildPhase section */

/* Begin PBXNativeTarget section */
		416D2D611E5F113600D8A570 /* HFCardCollectionViewLayout */ = {
			isa = PBXNativeTarget;
			buildConfigurationList = 416D2D6A1E5F113600D8A570 /* Build configuration list for PBXNativeTarget "HFCardCollectionViewLayout" */;
			buildPhases = (
				70F0F7518AAE85779201C41C /* [CP] Check Pods Manifest.lock */,
				416D2D5D1E5F113600D8A570 /* Sources */,
				416D2D5E1E5F113600D8A570 /* Frameworks */,
				416D2D5F1E5F113600D8A570 /* Headers */,
				416D2D601E5F113600D8A570 /* Resources */,
				56E222B022FCDD61002D7B97 /* SwiftLint */,
			);
			buildRules = (
			);
			dependencies = (
			);
			name = HFCardCollectionViewLayout;
			productName = HFCardCollectionViewLayout;
			productReference = 416D2D621E5F113600D8A570 /* HFCardCollectionViewLayout.framework */;
			productType = "com.apple.product-type.framework";
		};
/* End PBXNativeTarget section */

/* Begin PBXProject section */
		416D2D591E5F113600D8A570 /* Project object */ = {
			isa = PBXProject;
			attributes = {
				LastUpgradeCheck = 1030;
				ORGANIZATIONNAME = "hendrik-frahmann";
				TargetAttributes = {
					416D2D611E5F113600D8A570 = {
						CreatedOnToolsVersion = 8.2.1;
						LastSwiftMigration = 0820;
						ProvisioningStyle = Automatic;
					};
				};
			};
			buildConfigurationList = 416D2D5C1E5F113600D8A570 /* Build configuration list for PBXProject "HFCardCollectionViewLayout" */;
			compatibilityVersion = "Xcode 3.2";
			developmentRegion = en;
			hasScannedForEncodings = 0;
			knownRegions = (
				en,
				Base,
			);
			mainGroup = 416D2D581E5F113600D8A570;
			productRefGroup = 416D2D631E5F113600D8A570 /* Products */;
			projectDirPath = "";
			projectRoot = "";
			targets = (
				416D2D611E5F113600D8A570 /* HFCardCollectionViewLayout */,
			);
		};
/* End PBXProject section */

/* Begin PBXResourcesBuildPhase section */
		416D2D601E5F113600D8A570 /* Resources */ = {
			isa = PBXResourcesBuildPhase;
			buildActionMask = 2147483647;
			files = (
			);
			runOnlyForDeploymentPostprocessing = 0;
		};
/* End PBXResourcesBuildPhase section */

/* Begin PBXShellScriptBuildPhase section */
		56E222B022FCDD61002D7B97 /* SwiftLint */ = {
			isa = PBXShellScriptBuildPhase;
			buildActionMask = 2147483647;
			files = (
			);
			inputFileListPaths = (
			);
			inputPaths = (
			);
			name = SwiftLint;
			outputFileListPaths = (
			);
			outputPaths = (
			);
			runOnlyForDeploymentPostprocessing = 0;
			shellPath = /bin/sh;
			shellScript = "if which swiftlint >/dev/null; then\nswiftlint\nelse\necho \"warning: SwiftLint not installed, download from https://github.com/realm/SwiftLint\"\nfi\n";
		};
		70F0F7518AAE85779201C41C /* [CP] Check Pods Manifest.lock */ = {
			isa = PBXShellScriptBuildPhase;
			buildActionMask = 2147483647;
			files = (
			);
			inputFileListPaths = (
			);
			inputPaths = (
				"${PODS_PODFILE_DIR_PATH}/Podfile.lock",
				"${PODS_ROOT}/Manifest.lock",
			);
			name = "[CP] Check Pods Manifest.lock";
			outputFileListPaths = (
			);
			outputPaths = (
				"$(DERIVED_FILE_DIR)/Pods-HFCardCollectionViewLayout-checkManifestLockResult.txt",
			);
			runOnlyForDeploymentPostprocessing = 0;
			shellPath = /bin/sh;
			shellScript = "diff \"${PODS_PODFILE_DIR_PATH}/Podfile.lock\" \"${PODS_ROOT}/Manifest.lock\" > /dev/null\nif [ $? != 0 ] ; then\n    # print error to STDERR\n    echo \"error: The sandbox is not in sync with the Podfile.lock. Run 'pod install' or update your CocoaPods installation.\" >&2\n    exit 1\nfi\n# This output is used by Xcode 'outputs' to avoid re-running this script phase.\necho \"SUCCESS\" > \"${SCRIPT_OUTPUT_FILE_0}\"\n";
			showEnvVarsInLog = 0;
		};
/* End PBXShellScriptBuildPhase section */

/* Begin PBXSourcesBuildPhase section */
		416D2D5D1E5F113600D8A570 /* Sources */ = {
			isa = PBXSourcesBuildPhase;
			buildActionMask = 2147483647;
			files = (
				56E222B222FE1C8C002D7B97 /* HFCardCollectionViewLayoutModel.swift in Sources */,
				56E222C222FE2FA4002D7B97 /* HFCardCollectionViewLayoutAttributes.swift in Sources */,
				416D2D721E5F117500D8A570 /* HFCardCollectionViewLayout.swift in Sources */,
				416D2D711E5F117500D8A570 /* HFCardCollectionViewCell.swift in Sources */,
				416D2D731E5F117500D8A570 /* HFCardCollectionViewLayoutDelegate.swift in Sources */,
			);
			runOnlyForDeploymentPostprocessing = 0;
		};
/* End PBXSourcesBuildPhase section */

/* Begin XCBuildConfiguration section */
		416D2D681E5F113600D8A570 /* Debug */ = {
			isa = XCBuildConfiguration;
			buildSettings = {
				ALWAYS_SEARCH_USER_PATHS = NO;
				CLANG_ANALYZER_LOCALIZABILITY_NONLOCALIZED = YES;
				CLANG_ANALYZER_NONNULL = YES;
				CLANG_CXX_LANGUAGE_STANDARD = "gnu++0x";
				CLANG_CXX_LIBRARY = "libc++";
				CLANG_ENABLE_MODULES = YES;
				CLANG_ENABLE_OBJC_ARC = YES;
				CLANG_WARN_BLOCK_CAPTURE_AUTORELEASING = YES;
				CLANG_WARN_BOOL_CONVERSION = YES;
				CLANG_WARN_COMMA = YES;
				CLANG_WARN_CONSTANT_CONVERSION = YES;
				CLANG_WARN_DEPRECATED_OBJC_IMPLEMENTATIONS = YES;
				CLANG_WARN_DIRECT_OBJC_ISA_USAGE = YES_ERROR;
				CLANG_WARN_DOCUMENTATION_COMMENTS = YES;
				CLANG_WARN_EMPTY_BODY = YES;
				CLANG_WARN_ENUM_CONVERSION = YES;
				CLANG_WARN_INFINITE_RECURSION = YES;
				CLANG_WARN_INT_CONVERSION = YES;
				CLANG_WARN_NON_LITERAL_NULL_CONVERSION = YES;
				CLANG_WARN_OBJC_IMPLICIT_RETAIN_SELF = YES;
				CLANG_WARN_OBJC_LITERAL_CONVERSION = YES;
				CLANG_WARN_OBJC_ROOT_CLASS = YES_ERROR;
				CLANG_WARN_RANGE_LOOP_ANALYSIS = YES;
				CLANG_WARN_STRICT_PROTOTYPES = YES;
				CLANG_WARN_SUSPICIOUS_MOVE = YES;
				CLANG_WARN_UNREACHABLE_CODE = YES;
				CLANG_WARN__DUPLICATE_METHOD_MATCH = YES;
				"CODE_SIGN_IDENTITY[sdk=iphoneos*]" = "iPhone Developer";
				COPY_PHASE_STRIP = NO;
				CURRENT_PROJECT_VERSION = 1;
				DEBUG_INFORMATION_FORMAT = dwarf;
				ENABLE_STRICT_OBJC_MSGSEND = YES;
				ENABLE_TESTABILITY = YES;
				GCC_C_LANGUAGE_STANDARD = gnu99;
				GCC_DYNAMIC_NO_PIC = NO;
				GCC_NO_COMMON_BLOCKS = YES;
				GCC_OPTIMIZATION_LEVEL = 0;
				GCC_PREPROCESSOR_DEFINITIONS = (
					"DEBUG=1",
					"$(inherited)",
				);
				GCC_WARN_64_TO_32_BIT_CONVERSION = YES;
				GCC_WARN_ABOUT_RETURN_TYPE = YES_ERROR;
				GCC_WARN_UNDECLARED_SELECTOR = YES;
				GCC_WARN_UNINITIALIZED_AUTOS = YES_AGGRESSIVE;
				GCC_WARN_UNUSED_FUNCTION = YES;
				GCC_WARN_UNUSED_VARIABLE = YES;
				IPHONEOS_DEPLOYMENT_TARGET = 9.0;
				MTL_ENABLE_DEBUG_INFO = YES;
				ONLY_ACTIVE_ARCH = YES;
				SDKROOT = iphoneos;
				SWIFT_ACTIVE_COMPILATION_CONDITIONS = DEBUG;
				SWIFT_OPTIMIZATION_LEVEL = "-Onone";
				SWIFT_VERSION = 5.0;
				TARGETED_DEVICE_FAMILY = "1,2";
				VERSIONING_SYSTEM = "apple-generic";
				VERSION_INFO_PREFIX = "";
			};
			name = Debug;
		};
		416D2D691E5F113600D8A570 /* Release */ = {
			isa = XCBuildConfiguration;
			buildSettings = {
				ALWAYS_SEARCH_USER_PATHS = NO;
				CLANG_ANALYZER_LOCALIZABILITY_NONLOCALIZED = YES;
				CLANG_ANALYZER_NONNULL = YES;
				CLANG_CXX_LANGUAGE_STANDARD = "gnu++0x";
				CLANG_CXX_LIBRARY = "libc++";
				CLANG_ENABLE_MODULES = YES;
				CLANG_ENABLE_OBJC_ARC = YES;
				CLANG_WARN_BLOCK_CAPTURE_AUTORELEASING = YES;
				CLANG_WARN_BOOL_CONVERSION = YES;
				CLANG_WARN_COMMA = YES;
				CLANG_WARN_CONSTANT_CONVERSION = YES;
				CLANG_WARN_DEPRECATED_OBJC_IMPLEMENTATIONS = YES;
				CLANG_WARN_DIRECT_OBJC_ISA_USAGE = YES_ERROR;
				CLANG_WARN_DOCUMENTATION_COMMENTS = YES;
				CLANG_WARN_EMPTY_BODY = YES;
				CLANG_WARN_ENUM_CONVERSION = YES;
				CLANG_WARN_INFINITE_RECURSION = YES;
				CLANG_WARN_INT_CONVERSION = YES;
				CLANG_WARN_NON_LITERAL_NULL_CONVERSION = YES;
				CLANG_WARN_OBJC_IMPLICIT_RETAIN_SELF = YES;
				CLANG_WARN_OBJC_LITERAL_CONVERSION = YES;
				CLANG_WARN_OBJC_ROOT_CLASS = YES_ERROR;
				CLANG_WARN_RANGE_LOOP_ANALYSIS = YES;
				CLANG_WARN_STRICT_PROTOTYPES = YES;
				CLANG_WARN_SUSPICIOUS_MOVE = YES;
				CLANG_WARN_UNREACHABLE_CODE = YES;
				CLANG_WARN__DUPLICATE_METHOD_MATCH = YES;
				"CODE_SIGN_IDENTITY[sdk=iphoneos*]" = "iPhone Developer";
				COPY_PHASE_STRIP = NO;
				CURRENT_PROJECT_VERSION = 1;
				DEBUG_INFORMATION_FORMAT = "dwarf-with-dsym";
				ENABLE_NS_ASSERTIONS = NO;
				ENABLE_STRICT_OBJC_MSGSEND = YES;
				GCC_C_LANGUAGE_STANDARD = gnu99;
				GCC_NO_COMMON_BLOCKS = YES;
				GCC_WARN_64_TO_32_BIT_CONVERSION = YES;
				GCC_WARN_ABOUT_RETURN_TYPE = YES_ERROR;
				GCC_WARN_UNDECLARED_SELECTOR = YES;
				GCC_WARN_UNINITIALIZED_AUTOS = YES_AGGRESSIVE;
				GCC_WARN_UNUSED_FUNCTION = YES;
				GCC_WARN_UNUSED_VARIABLE = YES;
				IPHONEOS_DEPLOYMENT_TARGET = 9.0;
				MTL_ENABLE_DEBUG_INFO = NO;
				SDKROOT = iphoneos;
				SWIFT_OPTIMIZATION_LEVEL = "-Owholemodule";
				SWIFT_VERSION = 5.0;
				TARGETED_DEVICE_FAMILY = "1,2";
				VALIDATE_PRODUCT = YES;
				VERSIONING_SYSTEM = "apple-generic";
				VERSION_INFO_PREFIX = "";
			};
			name = Release;
		};
		416D2D6B1E5F113600D8A570 /* Debug */ = {
			isa = XCBuildConfiguration;
			baseConfigurationReference = 98684D70501442E03732ECB7 /* Pods-HFCardCollectionViewLayout.debug.xcconfig */;
			buildSettings = {
				CLANG_ENABLE_MODULES = YES;
				CODE_SIGN_IDENTITY = "";
				DEFINES_MODULE = YES;
				DYLIB_COMPATIBILITY_VERSION = 1;
				DYLIB_CURRENT_VERSION = 1;
				DYLIB_INSTALL_NAME_BASE = "@rpath";
				INFOPLIST_FILE = HFCardCollectionViewLayout/Info.plist;
				INSTALL_PATH = "$(LOCAL_LIBRARY_DIR)/Frameworks";
				IPHONEOS_DEPLOYMENT_TARGET = 9.0;
				LD_RUNPATH_SEARCH_PATHS = "$(inherited) @executable_path/Frameworks @loader_path/Frameworks";
				PRODUCT_BUNDLE_IDENTIFIER = "com.hendrik-frahmann.HFCardCollectionViewLayout";
				PRODUCT_NAME = "$(TARGET_NAME)";
				SKIP_INSTALL = YES;
				SWIFT_OPTIMIZATION_LEVEL = "-Onone";
				SWIFT_VERSION = 5.0;
			};
			name = Debug;
		};
		416D2D6C1E5F113600D8A570 /* Release */ = {
			isa = XCBuildConfiguration;
			baseConfigurationReference = 31381DB4816E87430C9926F2 /* Pods-HFCardCollectionViewLayout.release.xcconfig */;
			buildSettings = {
				CLANG_ENABLE_MODULES = YES;
				CODE_SIGN_IDENTITY = "";
				DEFINES_MODULE = YES;
				DYLIB_COMPATIBILITY_VERSION = 1;
				DYLIB_CURRENT_VERSION = 1;
				DYLIB_INSTALL_NAME_BASE = "@rpath";
				INFOPLIST_FILE = HFCardCollectionViewLayout/Info.plist;
				INSTALL_PATH = "$(LOCAL_LIBRARY_DIR)/Frameworks";
				IPHONEOS_DEPLOYMENT_TARGET = 9.0;
				LD_RUNPATH_SEARCH_PATHS = "$(inherited) @executable_path/Frameworks @loader_path/Frameworks";
				PRODUCT_BUNDLE_IDENTIFIER = "com.hendrik-frahmann.HFCardCollectionViewLayout";
				PRODUCT_NAME = "$(TARGET_NAME)";
				SKIP_INSTALL = YES;
				SWIFT_VERSION = 5.0;
			};
			name = Release;
		};
/* End XCBuildConfiguration section */

/* Begin XCConfigurationList section */
		416D2D5C1E5F113600D8A570 /* Build configuration list for PBXProject "HFCardCollectionViewLayout" */ = {
			isa = XCConfigurationList;
			buildConfigurations = (
				416D2D681E5F113600D8A570 /* Debug */,
				416D2D691E5F113600D8A570 /* Release */,
			);
			defaultConfigurationIsVisible = 0;
			defaultConfigurationName = Release;
		};
		416D2D6A1E5F113600D8A570 /* Build configuration list for PBXNativeTarget "HFCardCollectionViewLayout" */ = {
			isa = XCConfigurationList;
			buildConfigurations = (
				416D2D6B1E5F113600D8A570 /* Debug */,
				416D2D6C1E5F113600D8A570 /* Release */,
			);
			defaultConfigurationIsVisible = 0;
			defaultConfigurationName = Release;
		};
/* End XCConfigurationList section */
	};
	rootObject = 416D2D591E5F113600D8A570 /* Project object */;
}
