PODS:
  - HFCardCollectionViewLayout (0.4.2)

DEPENDENCIES:
  - HFCardCollectionViewLayout (from `../`)

EXTERNAL SOURCES:
  HFCardCollectionViewLayout:
    :path: "../"

SPEC CHECKSUMS:
  HFCardCollectionViewLayout: 5e817bb2effe5983223bcbedc3de550ac8701ac7

PODFILE CHECKSUM: 234325b1b12e2e74244c12d2d31fa748e550f0f2

COCOAPODS: 1.5.3
