PODS:
  - HFCardCollectionViewLayout (0.4.2)

DEPENDENCIES:
  - HFCardCollectionViewLayout (from `https://github.com/spclab-ux/HFCardCollectionViewLayout.git`)

EXTERNAL SOURCES:
  HFCardCollectionViewLayout:
    :git: https://github.com/spclab-ux/HFCardCollectionViewLayout.git

CHECKOUT OPTIONS:
  HFCardCollectionViewLayout:
    :commit: 1d264b849faccf5f6dc28502c92fd306ef0b0b61
    :git: https://github.com/spclab-ux/HFCardCollectionViewLayout.git

SPEC CHECKSUMS:
  HFCardCollectionViewLayout: 44a48a69ed11905cb768e5e2223ef8d0d68bbe05

PODFILE CHECKSUM: 8bb6dd634bbe3f8a4b8aa7286bb5155e22049153

COCOAPODS: 1.7.2
